// !$*UTF8*$!
{
	archiveVersion = 1;
	classes = {
	};
	objectVersion = 46;
	objects = {

/* Begin PBXBuildFile section */
		504F107C1BE5298800441202 /* Event.m in Sources */ = {isa = PBXBuildFile; fileRef = 504F107B1BE5298800441202 /* Event.m */; };
		506437921BE561D200D0D1FB /* Dataset.m in Sources */ = {isa = PBXBuildFile; fileRef = 506437911BE561D200D0D1FB /* Dataset.m */; };
		5090B5B11BE5B95B00460A48 /* PivotSignUpViewController.m in Sources */ = {isa = PBXBuildFile; fileRef = 5090B5B01BE5B95B00460A48 /* PivotSignUpViewController.m */; };
		5090B5B41BE5BE7100460A48 /* SharedManager.m in Sources */ = {isa = PBXBuildFile; fileRef = 5090B5B31BE5BE7100460A48 /* SharedManager.m */; };
		892F706A1BE5A439008BD8F8 /* video.mp4 in Resources */ = {isa = PBXBuildFile; fileRef = 892F70691BE5A02A008BD8F8 /* video.mp4 */; };
		893D974B1BE5475B001A6077 /* PivotFeedTableViewCell.m in Sources */ = {isa = PBXBuildFile; fileRef = 893D97491BE5475B001A6077 /* PivotFeedTableViewCell.m */; };
		893D97551BE548DD001A6077 /* TimelineLeftTableViewCell.m in Sources */ = {isa = PBXBuildFile; fileRef = 893D97531BE548DD001A6077 /* TimelineLeftTableViewCell.m */; };
		893D975D1BE54993001A6077 /* TimelineRightTableViewCell.m in Sources */ = {isa = PBXBuildFile; fileRef = 893D975B1BE54993001A6077 /* TimelineRightTableViewCell.m */; };
		893D97651BE54F71001A6077 /* PivotFeedTableViewController.m in Sources */ = {isa = PBXBuildFile; fileRef = 893D97641BE54F71001A6077 /* PivotFeedTableViewController.m */; };
		893D97681BE54F98001A6077 /* ResourcesViewController.m in Sources */ = {isa = PBXBuildFile; fileRef = 893D97671BE54F98001A6077 /* ResourcesViewController.m */; };
		893D976B1BE54FAF001A6077 /* ProfileViewController.m in Sources */ = {isa = PBXBuildFile; fileRef = 893D976A1BE54FAF001A6077 /* ProfileViewController.m */; };
		893D976E1BE54FBC001A6077 /* ProfileDetailViewController.m in Sources */ = {isa = PBXBuildFile; fileRef = 893D976D1BE54FBC001A6077 /* ProfileDetailViewController.m */; };
		9075DC38F329FBDDC44D702A /* Pods.framework in Frameworks */ = {isa = PBXBuildFile; fileRef = 4CD0C456F5354EFB4023C783 /* Pods.framework */; settings = {ATTRIBUTES = (Weak, ); }; };
		D48A8E3D1BE55CB800223727 /* PivotTechieProfileViewController.m in Sources */ = {isa = PBXBuildFile; fileRef = D48A8E3C1BE55CB800223727 /* PivotTechieProfileViewController.m */; };
		D48A8E401BE55D0400223727 /* PivotTechieProfileDetailViewController.m in Sources */ = {isa = PBXBuildFile; fileRef = D48A8E3F1BE55D0400223727 /* PivotTechieProfileDetailViewController.m */; };
		D4E118581BE528C5000E0FBA /* main.m in Sources */ = {isa = PBXBuildFile; fileRef = D4E118571BE528C5000E0FBA /* main.m */; };
		D4E1185B1BE528C5000E0FBA /* AppDelegate.m in Sources */ = {isa = PBXBuildFile; fileRef = D4E1185A1BE528C5000E0FBA /* AppDelegate.m */; };
		D4E1185E1BE528C5000E0FBA /* ViewController.m in Sources */ = {isa = PBXBuildFile; fileRef = D4E1185D1BE528C5000E0FBA /* ViewController.m */; };
		D4E118611BE528C5000E0FBA /* Main.storyboard in Resources */ = {isa = PBXBuildFile; fileRef = D4E1185F1BE528C5000E0FBA /* Main.storyboard */; };
		D4E118641BE528C5000E0FBA /* Pivot.xcdatamodeld in Sources */ = {isa = PBXBuildFile; fileRef = D4E118621BE528C5000E0FBA /* Pivot.xcdatamodeld */; };
		D4E118661BE528C5000E0FBA /* Assets.xcassets in Resources */ = {isa = PBXBuildFile; fileRef = D4E118651BE528C5000E0FBA /* Assets.xcassets */; };
		D4E118691BE528C5000E0FBA /* LaunchScreen.storyboard in Resources */ = {isa = PBXBuildFile; fileRef = D4E118671BE528C5000E0FBA /* LaunchScreen.storyboard */; };
		D4E118741BE528C5000E0FBA /* PivotTests.m in Sources */ = {isa = PBXBuildFile; fileRef = D4E118731BE528C5000E0FBA /* PivotTests.m */; };
		D4E1187F1BE528C5000E0FBA /* PivotUITests.m in Sources */ = {isa = PBXBuildFile; fileRef = D4E1187E1BE528C5000E0FBA /* PivotUITests.m */; };
		D4E118911BE52A3C000E0FBA /* Education.m in Sources */ = {isa = PBXBuildFile; fileRef = D4E118901BE52A3C000E0FBA /* Education.m */; };
		DC6908921BE52A7F009AB0C0 /* User.m in Sources */ = {isa = PBXBuildFile; fileRef = DC6908911BE52A7F009AB0C0 /* User.m */; };
		DC6908951BE52B30009AB0C0 /* Interest.m in Sources */ = {isa = PBXBuildFile; fileRef = DC6908941BE52B30009AB0C0 /* Interest.m */; };
/* End PBXBuildFile section */

/* Begin PBXContainerItemProxy section */
		D4E118701BE528C5000E0FBA /* PBXContainerItemProxy */ = {
			isa = PBXContainerItemProxy;
			containerPortal = D4E1184B1BE528C5000E0FBA /* Project object */;
			proxyType = 1;
			remoteGlobalIDString = D4E118521BE528C5000E0FBA;
			remoteInfo = Pivot;
		};
		D4E1187B1BE528C5000E0FBA /* PBXContainerItemProxy */ = {
			isa = PBXContainerItemProxy;
			containerPortal = D4E1184B1BE528C5000E0FBA /* Project object */;
			proxyType = 1;
			remoteGlobalIDString = D4E118521BE528C5000E0FBA;
			remoteInfo = Pivot;
		};
/* End PBXContainerItemProxy section */

/* Begin PBXFileReference section */
		24CBEBF2B3C71F70E0C3F488 /* Pods.release.xcconfig */ = {isa = PBXFileReference; includeInIndex = 1; lastKnownFileType = text.xcconfig; name = Pods.release.xcconfig; path = "Pods/Target Support Files/Pods/Pods.release.xcconfig"; sourceTree = "<group>"; };
		4CD0C456F5354EFB4023C783 /* Pods.framework */ = {isa = PBXFileReference; explicitFileType = wrapper.framework; includeInIndex = 0; path = Pods.framework; sourceTree = BUILT_PRODUCTS_DIR; };
		504F107A1BE5298800441202 /* Event.h */ = {isa = PBXFileReference; fileEncoding = 4; lastKnownFileType = sourcecode.c.h; path = Event.h; sourceTree = "<group>"; };
		504F107B1BE5298800441202 /* Event.m */ = {isa = PBXFileReference; fileEncoding = 4; lastKnownFileType = sourcecode.c.objc; path = Event.m; sourceTree = "<group>"; };
		506437901BE561D200D0D1FB /* Dataset.h */ = {isa = PBXFileReference; fileEncoding = 4; lastKnownFileType = sourcecode.c.h; path = Dataset.h; sourceTree = "<group>"; };
		506437911BE561D200D0D1FB /* Dataset.m */ = {isa = PBXFileReference; fileEncoding = 4; lastKnownFileType = sourcecode.c.objc; path = Dataset.m; sourceTree = "<group>"; };
		5090B5AF1BE5B95B00460A48 /* PivotSignUpViewController.h */ = {isa = PBXFileReference; fileEncoding = 4; lastKnownFileType = sourcecode.c.h; path = PivotSignUpViewController.h; sourceTree = "<group>"; };
		5090B5B01BE5B95B00460A48 /* PivotSignUpViewController.m */ = {isa = PBXFileReference; fileEncoding = 4; lastKnownFileType = sourcecode.c.objc; path = PivotSignUpViewController.m; sourceTree = "<group>"; };
		5090B5B21BE5BE7100460A48 /* SharedManager.h */ = {isa = PBXFileReference; fileEncoding = 4; lastKnownFileType = sourcecode.c.h; path = SharedManager.h; sourceTree = "<group>"; };
		5090B5B31BE5BE7100460A48 /* SharedManager.m */ = {isa = PBXFileReference; fileEncoding = 4; lastKnownFileType = sourcecode.c.objc; path = SharedManager.m; sourceTree = "<group>"; };
		892F70691BE5A02A008BD8F8 /* video.mp4 */ = {isa = PBXFileReference; lastKnownFileType = file; path = video.mp4; sourceTree = "<group>"; };
		893D97481BE5475B001A6077 /* PivotFeedTableViewCell.h */ = {isa = PBXFileReference; fileEncoding = 4; lastKnownFileType = sourcecode.c.h; path = PivotFeedTableViewCell.h; sourceTree = "<group>"; };
		893D97491BE5475B001A6077 /* PivotFeedTableViewCell.m */ = {isa = PBXFileReference; fileEncoding = 4; lastKnownFileType = sourcecode.c.objc; path = PivotFeedTableViewCell.m; sourceTree = "<group>"; };
		893D97521BE548DD001A6077 /* TimelineLeftTableViewCell.h */ = {isa = PBXFileReference; fileEncoding = 4; lastKnownFileType = sourcecode.c.h; name = TimelineLeftTableViewCell.h; path = ../TimelineLeftTableViewCell.h; sourceTree = "<group>"; };
		893D97531BE548DD001A6077 /* TimelineLeftTableViewCell.m */ = {isa = PBXFileReference; fileEncoding = 4; lastKnownFileType = sourcecode.c.objc; name = TimelineLeftTableViewCell.m; path = ../TimelineLeftTableViewCell.m; sourceTree = "<group>"; };
		893D975A1BE54993001A6077 /* TimelineRightTableViewCell.h */ = {isa = PBXFileReference; fileEncoding = 4; lastKnownFileType = sourcecode.c.h; name = TimelineRightTableViewCell.h; path = ../TimelineRightTableViewCell.h; sourceTree = "<group>"; };
		893D975B1BE54993001A6077 /* TimelineRightTableViewCell.m */ = {isa = PBXFileReference; fileEncoding = 4; lastKnownFileType = sourcecode.c.objc; name = TimelineRightTableViewCell.m; path = ../TimelineRightTableViewCell.m; sourceTree = "<group>"; };
		893D97631BE54F71001A6077 /* PivotFeedTableViewController.h */ = {isa = PBXFileReference; fileEncoding = 4; lastKnownFileType = sourcecode.c.h; path = PivotFeedTableViewController.h; sourceTree = "<group>"; };
		893D97641BE54F71001A6077 /* PivotFeedTableViewController.m */ = {isa = PBXFileReference; fileEncoding = 4; lastKnownFileType = sourcecode.c.objc; path = PivotFeedTableViewController.m; sourceTree = "<group>"; };
		893D97661BE54F98001A6077 /* ResourcesViewController.h */ = {isa = PBXFileReference; fileEncoding = 4; lastKnownFileType = sourcecode.c.h; path = ResourcesViewController.h; sourceTree = "<group>"; };
		893D97671BE54F98001A6077 /* ResourcesViewController.m */ = {isa = PBXFileReference; fileEncoding = 4; lastKnownFileType = sourcecode.c.objc; path = ResourcesViewController.m; sourceTree = "<group>"; };
		893D97691BE54FAF001A6077 /* ProfileViewController.h */ = {isa = PBXFileReference; fileEncoding = 4; lastKnownFileType = sourcecode.c.h; path = ProfileViewController.h; sourceTree = "<group>"; };
		893D976A1BE54FAF001A6077 /* ProfileViewController.m */ = {isa = PBXFileReference; fileEncoding = 4; lastKnownFileType = sourcecode.c.objc; path = ProfileViewController.m; sourceTree = "<group>"; };
		893D976C1BE54FBC001A6077 /* ProfileDetailViewController.h */ = {isa = PBXFileReference; fileEncoding = 4; lastKnownFileType = sourcecode.c.h; path = ProfileDetailViewController.h; sourceTree = "<group>"; };
		893D976D1BE54FBC001A6077 /* ProfileDetailViewController.m */ = {isa = PBXFileReference; fileEncoding = 4; lastKnownFileType = sourcecode.c.objc; path = ProfileDetailViewController.m; sourceTree = "<group>"; };
		A8FB109EDADD34CCAD3D24B3 /* Pods.debug.xcconfig */ = {isa = PBXFileReference; includeInIndex = 1; lastKnownFileType = text.xcconfig; name = Pods.debug.xcconfig; path = "Pods/Target Support Files/Pods/Pods.debug.xcconfig"; sourceTree = "<group>"; };
		D48A8E3B1BE55CB800223727 /* PivotTechieProfileViewController.h */ = {isa = PBXFileReference; fileEncoding = 4; lastKnownFileType = sourcecode.c.h; path = PivotTechieProfileViewController.h; sourceTree = "<group>"; };
		D48A8E3C1BE55CB800223727 /* PivotTechieProfileViewController.m */ = {isa = PBXFileReference; fileEncoding = 4; lastKnownFileType = sourcecode.c.objc; path = PivotTechieProfileViewController.m; sourceTree = "<group>"; };
		D48A8E3E1BE55D0400223727 /* PivotTechieProfileDetailViewController.h */ = {isa = PBXFileReference; fileEncoding = 4; lastKnownFileType = sourcecode.c.h; path = PivotTechieProfileDetailViewController.h; sourceTree = "<group>"; };
		D48A8E3F1BE55D0400223727 /* PivotTechieProfileDetailViewController.m */ = {isa = PBXFileReference; fileEncoding = 4; lastKnownFileType = sourcecode.c.objc; path = PivotTechieProfileDetailViewController.m; sourceTree = "<group>"; };
		D4E118531BE528C5000E0FBA /* Pivot.app */ = {isa = PBXFileReference; explicitFileType = wrapper.application; includeInIndex = 0; path = Pivot.app; sourceTree = BUILT_PRODUCTS_DIR; };
		D4E118571BE528C5000E0FBA /* main.m */ = {isa = PBXFileReference; lastKnownFileType = sourcecode.c.objc; path = main.m; sourceTree = "<group>"; };
		D4E118591BE528C5000E0FBA /* AppDelegate.h */ = {isa = PBXFileReference; lastKnownFileType = sourcecode.c.h; path = AppDelegate.h; sourceTree = "<group>"; };
		D4E1185A1BE528C5000E0FBA /* AppDelegate.m */ = {isa = PBXFileReference; lastKnownFileType = sourcecode.c.objc; path = AppDelegate.m; sourceTree = "<group>"; };
		D4E1185C1BE528C5000E0FBA /* ViewController.h */ = {isa = PBXFileReference; lastKnownFileType = sourcecode.c.h; path = ViewController.h; sourceTree = "<group>"; };
		D4E1185D1BE528C5000E0FBA /* ViewController.m */ = {isa = PBXFileReference; lastKnownFileType = sourcecode.c.objc; path = ViewController.m; sourceTree = "<group>"; };
		D4E118601BE528C5000E0FBA /* Base */ = {isa = PBXFileReference; lastKnownFileType = file.storyboard; name = Base; path = Base.lproj/Main.storyboard; sourceTree = "<group>"; };
		D4E118631BE528C5000E0FBA /* Pivot.xcdatamodel */ = {isa = PBXFileReference; lastKnownFileType = wrapper.xcdatamodel; path = Pivot.xcdatamodel; sourceTree = "<group>"; };
		D4E118651BE528C5000E0FBA /* Assets.xcassets */ = {isa = PBXFileReference; lastKnownFileType = folder.assetcatalog; path = Assets.xcassets; sourceTree = "<group>"; };
		D4E118681BE528C5000E0FBA /* Base */ = {isa = PBXFileReference; lastKnownFileType = file.storyboard; name = Base; path = Base.lproj/LaunchScreen.storyboard; sourceTree = "<group>"; };
		D4E1186A1BE528C5000E0FBA /* Info.plist */ = {isa = PBXFileReference; lastKnownFileType = text.plist.xml; path = Info.plist; sourceTree = "<group>"; };
		D4E1186F1BE528C5000E0FBA /* PivotTests.xctest */ = {isa = PBXFileReference; explicitFileType = wrapper.cfbundle; includeInIndex = 0; path = PivotTests.xctest; sourceTree = BUILT_PRODUCTS_DIR; };
		D4E118731BE528C5000E0FBA /* PivotTests.m */ = {isa = PBXFileReference; lastKnownFileType = sourcecode.c.objc; path = PivotTests.m; sourceTree = "<group>"; };
		D4E118751BE528C5000E0FBA /* Info.plist */ = {isa = PBXFileReference; lastKnownFileType = text.plist.xml; path = Info.plist; sourceTree = "<group>"; };
		D4E1187A1BE528C5000E0FBA /* PivotUITests.xctest */ = {isa = PBXFileReference; explicitFileType = wrapper.cfbundle; includeInIndex = 0; path = PivotUITests.xctest; sourceTree = BUILT_PRODUCTS_DIR; };
		D4E1187E1BE528C5000E0FBA /* PivotUITests.m */ = {isa = PBXFileReference; lastKnownFileType = sourcecode.c.objc; path = PivotUITests.m; sourceTree = "<group>"; };
		D4E118801BE528C5000E0FBA /* Info.plist */ = {isa = PBXFileReference; lastKnownFileType = text.plist.xml; path = Info.plist; sourceTree = "<group>"; };
		D4E1188F1BE52A3C000E0FBA /* Education.h */ = {isa = PBXFileReference; fileEncoding = 4; lastKnownFileType = sourcecode.c.h; path = Education.h; sourceTree = "<group>"; };
		D4E118901BE52A3C000E0FBA /* Education.m */ = {isa = PBXFileReference; fileEncoding = 4; lastKnownFileType = sourcecode.c.objc; path = Education.m; sourceTree = "<group>"; };
		DC6908901BE52A7F009AB0C0 /* User.h */ = {isa = PBXFileReference; fileEncoding = 4; lastKnownFileType = sourcecode.c.h; path = User.h; sourceTree = "<group>"; };
		DC6908911BE52A7F009AB0C0 /* User.m */ = {isa = PBXFileReference; fileEncoding = 4; lastKnownFileType = sourcecode.c.objc; path = User.m; sourceTree = "<group>"; };
		DC6908931BE52B30009AB0C0 /* Interest.h */ = {isa = PBXFileReference; fileEncoding = 4; lastKnownFileType = sourcecode.c.h; path = Interest.h; sourceTree = "<group>"; };
		DC6908941BE52B30009AB0C0 /* Interest.m */ = {isa = PBXFileReference; fileEncoding = 4; lastKnownFileType = sourcecode.c.objc; path = Interest.m; sourceTree = "<group>"; };
/* End PBXFileReference section */

/* Begin PBXFrameworksBuildPhase section */
		D4E118501BE528C5000E0FBA /* Frameworks */ = {
			isa = PBXFrameworksBuildPhase;
			buildActionMask = 2147483647;
			files = (
				9075DC38F329FBDDC44D702A /* Pods.framework in Frameworks */,
			);
			runOnlyForDeploymentPostprocessing = 0;
		};
		D4E1186C1BE528C5000E0FBA /* Frameworks */ = {
			isa = PBXFrameworksBuildPhase;
			buildActionMask = 2147483647;
			files = (
			);
			runOnlyForDeploymentPostprocessing = 0;
		};
		D4E118771BE528C5000E0FBA /* Frameworks */ = {
			isa = PBXFrameworksBuildPhase;
			buildActionMask = 2147483647;
			files = (
			);
			runOnlyForDeploymentPostprocessing = 0;
		};
/* End PBXFrameworksBuildPhase section */

/* Begin PBXGroup section */
		2A0978E7123E54ECC8267133 /* Frameworks */ = {
			isa = PBXGroup;
			children = (
				4CD0C456F5354EFB4023C783 /* Pods.framework */,
			);
			name = Frameworks;
			sourceTree = "<group>";
		};
		892F70671BE5A008008BD8F8 /* Resources */ = {
			isa = PBXGroup;
			children = (
				892F70681BE5A00E008BD8F8 /* videos */,
			);
			name = Resources;
			sourceTree = "<group>";
		};
		892F70681BE5A00E008BD8F8 /* videos */ = {
			isa = PBXGroup;
			children = (
				892F70691BE5A02A008BD8F8 /* video.mp4 */,
			);
			name = videos;
			sourceTree = "<group>";
		};
		893D975F1BE54F11001A6077 /* Timeline Left Cell */ = {
			isa = PBXGroup;
			children = (
				893D97521BE548DD001A6077 /* TimelineLeftTableViewCell.h */,
				893D97531BE548DD001A6077 /* TimelineLeftTableViewCell.m */,
			);
			name = "Timeline Left Cell";
			sourceTree = "<group>";
		};
		893D97601BE54F1D001A6077 /* Timeline Right Cell */ = {
			isa = PBXGroup;
			children = (
				893D975A1BE54993001A6077 /* TimelineRightTableViewCell.h */,
				893D975B1BE54993001A6077 /* TimelineRightTableViewCell.m */,
			);
			name = "Timeline Right Cell";
			sourceTree = "<group>";
		};
		893D97611BE54F2D001A6077 /* Model */ = {
			isa = PBXGroup;
			children = (
				504F107A1BE5298800441202 /* Event.h */,
				504F107B1BE5298800441202 /* Event.m */,
				DC6908901BE52A7F009AB0C0 /* User.h */,
				DC6908911BE52A7F009AB0C0 /* User.m */,
				DC6908931BE52B30009AB0C0 /* Interest.h */,
				DC6908941BE52B30009AB0C0 /* Interest.m */,
				D4E1188F1BE52A3C000E0FBA /* Education.h */,
				D4E118901BE52A3C000E0FBA /* Education.m */,
				506437901BE561D200D0D1FB /* Dataset.h */,
				506437911BE561D200D0D1FB /* Dataset.m */,
			);
			name = Model;
			sourceTree = "<group>";
		};
		893D97621BE54F32001A6077 /* Feed Table View Cell */ = {
			isa = PBXGroup;
			children = (
				893D97481BE5475B001A6077 /* PivotFeedTableViewCell.h */,
				893D97491BE5475B001A6077 /* PivotFeedTableViewCell.m */,
			);
			name = "Feed Table View Cell";
			sourceTree = "<group>";
		};
		8948735C70AFD864B15004F6 /* Pods */ = {
			isa = PBXGroup;
			children = (
				A8FB109EDADD34CCAD3D24B3 /* Pods.debug.xcconfig */,
				24CBEBF2B3C71F70E0C3F488 /* Pods.release.xcconfig */,
			);
			name = Pods;
			sourceTree = "<group>";
		};
		D4E1184A1BE528C5000E0FBA = {
			isa = PBXGroup;
			children = (
				D4E118551BE528C5000E0FBA /* Pivot */,
				D4E118721BE528C5000E0FBA /* PivotTests */,
				D4E1187D1BE528C5000E0FBA /* PivotUITests */,
				D4E118541BE528C5000E0FBA /* Products */,
				8948735C70AFD864B15004F6 /* Pods */,
				2A0978E7123E54ECC8267133 /* Frameworks */,
			);
			sourceTree = "<group>";
		};
		D4E118541BE528C5000E0FBA /* Products */ = {
			isa = PBXGroup;
			children = (
				D4E118531BE528C5000E0FBA /* Pivot.app */,
				D4E1186F1BE528C5000E0FBA /* PivotTests.xctest */,
				D4E1187A1BE528C5000E0FBA /* PivotUITests.xctest */,
			);
			name = Products;
			sourceTree = "<group>";
		};
		D4E118551BE528C5000E0FBA /* Pivot */ = {
			isa = PBXGroup;
			children = (
				892F70671BE5A008008BD8F8 /* Resources */,
				D4E118591BE528C5000E0FBA /* AppDelegate.h */,
				D4E1185A1BE528C5000E0FBA /* AppDelegate.m */,
				D4E1185C1BE528C5000E0FBA /* ViewController.h */,
				D4E1185D1BE528C5000E0FBA /* ViewController.m */,
				5090B5B21BE5BE7100460A48 /* SharedManager.h */,
				5090B5B31BE5BE7100460A48 /* SharedManager.m */,
				D4E1185F1BE528C5000E0FBA /* Main.storyboard */,
				5090B5AF1BE5B95B00460A48 /* PivotSignUpViewController.h */,
				5090B5B01BE5B95B00460A48 /* PivotSignUpViewController.m */,
				893D976C1BE54FBC001A6077 /* ProfileDetailViewController.h */,
				893D976D1BE54FBC001A6077 /* ProfileDetailViewController.m */,
				893D97691BE54FAF001A6077 /* ProfileViewController.h */,
				893D976A1BE54FAF001A6077 /* ProfileViewController.m */,
				893D97661BE54F98001A6077 /* ResourcesViewController.h */,
				893D97671BE54F98001A6077 /* ResourcesViewController.m */,
				893D97631BE54F71001A6077 /* PivotFeedTableViewController.h */,
				893D97641BE54F71001A6077 /* PivotFeedTableViewController.m */,
				D48A8E3B1BE55CB800223727 /* PivotTechieProfileViewController.h */,
				D48A8E3C1BE55CB800223727 /* PivotTechieProfileViewController.m */,
				D48A8E3E1BE55D0400223727 /* PivotTechieProfileDetailViewController.h */,
				D48A8E3F1BE55D0400223727 /* PivotTechieProfileDetailViewController.m */,
				893D97611BE54F2D001A6077 /* Model */,
				893D975F1BE54F11001A6077 /* Timeline Left Cell */,
				893D97601BE54F1D001A6077 /* Timeline Right Cell */,
				893D97621BE54F32001A6077 /* Feed Table View Cell */,
				D4E118651BE528C5000E0FBA /* Assets.xcassets */,
				D4E118671BE528C5000E0FBA /* LaunchScreen.storyboard */,
				D4E1186A1BE528C5000E0FBA /* Info.plist */,
				D4E118621BE528C5000E0FBA /* Pivot.xcdatamodeld */,
				D4E118561BE528C5000E0FBA /* Supporting Files */,
			);
			path = Pivot;
			sourceTree = "<group>";
		};
		D4E118561BE528C5000E0FBA /* Supporting Files */ = {
			isa = PBXGroup;
			children = (
				D4E118571BE528C5000E0FBA /* main.m */,
			);
			name = "Supporting Files";
			sourceTree = "<group>";
		};
		D4E118721BE528C5000E0FBA /* PivotTests */ = {
			isa = PBXGroup;
			children = (
				D4E118731BE528C5000E0FBA /* PivotTests.m */,
				D4E118751BE528C5000E0FBA /* Info.plist */,
			);
			path = PivotTests;
			sourceTree = "<group>";
		};
		D4E1187D1BE528C5000E0FBA /* PivotUITests */ = {
			isa = PBXGroup;
			children = (
				D4E1187E1BE528C5000E0FBA /* PivotUITests.m */,
				D4E118801BE528C5000E0FBA /* Info.plist */,
			);
			path = PivotUITests;
			sourceTree = "<group>";
		};
/* End PBXGroup section */

/* Begin PBXNativeTarget section */
		D4E118521BE528C5000E0FBA /* Pivot */ = {
			isa = PBXNativeTarget;
			buildConfigurationList = D4E118831BE528C5000E0FBA /* Build configuration list for PBXNativeTarget "Pivot" */;
			buildPhases = (
				8E81E1FE8AC0DD6B917ECC60 /* Check Pods Manifest.lock */,
				D4E1184F1BE528C5000E0FBA /* Sources */,
				D4E118501BE528C5000E0FBA /* Frameworks */,
				D4E118511BE528C5000E0FBA /* Resources */,
				B2C1DF21DDFBBF7A883885E0 /* Embed Pods Frameworks */,
				F37780DE28431EEC642581D3 /* Copy Pods Resources */,
			);
			buildRules = (
			);
			dependencies = (
			);
			name = Pivot;
			productName = Pivot;
			productReference = D4E118531BE528C5000E0FBA /* Pivot.app */;
			productType = "com.apple.product-type.application";
		};
		D4E1186E1BE528C5000E0FBA /* PivotTests */ = {
			isa = PBXNativeTarget;
			buildConfigurationList = D4E118861BE528C5000E0FBA /* Build configuration list for PBXNativeTarget "PivotTests" */;
			buildPhases = (
				D4E1186B1BE528C5000E0FBA /* Sources */,
				D4E1186C1BE528C5000E0FBA /* Frameworks */,
				D4E1186D1BE528C5000E0FBA /* Resources */,
			);
			buildRules = (
			);
			dependencies = (
				D4E118711BE528C5000E0FBA /* PBXTargetDependency */,
			);
			name = PivotTests;
			productName = PivotTests;
			productReference = D4E1186F1BE528C5000E0FBA /* PivotTests.xctest */;
			productType = "com.apple.product-type.bundle.unit-test";
		};
		D4E118791BE528C5000E0FBA /* PivotUITests */ = {
			isa = PBXNativeTarget;
			buildConfigurationList = D4E118891BE528C5000E0FBA /* Build configuration list for PBXNativeTarget "PivotUITests" */;
			buildPhases = (
				D4E118761BE528C5000E0FBA /* Sources */,
				D4E118771BE528C5000E0FBA /* Frameworks */,
				D4E118781BE528C5000E0FBA /* Resources */,
			);
			buildRules = (
			);
			dependencies = (
				D4E1187C1BE528C5000E0FBA /* PBXTargetDependency */,
			);
			name = PivotUITests;
			productName = PivotUITests;
			productReference = D4E1187A1BE528C5000E0FBA /* PivotUITests.xctest */;
			productType = "com.apple.product-type.bundle.ui-testing";
		};
/* End PBXNativeTarget section */

/* Begin PBXProject section */
		D4E1184B1BE528C5000E0FBA /* Project object */ = {
			isa = PBXProject;
			attributes = {
				LastUpgradeCheck = 0710;
				ORGANIZATIONNAME = "Jason Wang";
				TargetAttributes = {
					D4E118521BE528C5000E0FBA = {
						CreatedOnToolsVersion = 7.1;
						DevelopmentTeam = B4G65K7YME;
					};
					D4E1186E1BE528C5000E0FBA = {
						CreatedOnToolsVersion = 7.1;
						DevelopmentTeam = 55V3ELH4AV;
						TestTargetID = D4E118521BE528C5000E0FBA;
					};
					D4E118791BE528C5000E0FBA = {
						CreatedOnToolsVersion = 7.1;
						DevelopmentTeam = 55V3ELH4AV;
						TestTargetID = D4E118521BE528C5000E0FBA;
					};
				};
			};
			buildConfigurationList = D4E1184E1BE528C5000E0FBA /* Build configuration list for PBXProject "Pivot" */;
			compatibilityVersion = "Xcode 3.2";
			developmentRegion = English;
			hasScannedForEncodings = 0;
			knownRegions = (
				en,
				Base,
			);
			mainGroup = D4E1184A1BE528C5000E0FBA;
			productRefGroup = D4E118541BE528C5000E0FBA /* Products */;
			projectDirPath = "";
			projectRoot = "";
			targets = (
				D4E118521BE528C5000E0FBA /* Pivot */,
				D4E1186E1BE528C5000E0FBA /* PivotTests */,
				D4E118791BE528C5000E0FBA /* PivotUITests */,
			);
		};
/* End PBXProject section */

/* Begin PBXResourcesBuildPhase section */
		D4E118511BE528C5000E0FBA /* Resources */ = {
			isa = PBXResourcesBuildPhase;
			buildActionMask = 2147483647;
			files = (
				892F706A1BE5A439008BD8F8 /* video.mp4 in Resources */,
				D4E118691BE528C5000E0FBA /* LaunchScreen.storyboard in Resources */,
				D4E118661BE528C5000E0FBA /* Assets.xcassets in Resources */,
				D4E118611BE528C5000E0FBA /* Main.storyboard in Resources */,
			);
			runOnlyForDeploymentPostprocessing = 0;
		};
		D4E1186D1BE528C5000E0FBA /* Resources */ = {
			isa = PBXResourcesBuildPhase;
			buildActionMask = 2147483647;
			files = (
			);
			runOnlyForDeploymentPostprocessing = 0;
		};
		D4E118781BE528C5000E0FBA /* Resources */ = {
			isa = PBXResourcesBuildPhase;
			buildActionMask = 2147483647;
			files = (
			);
			runOnlyForDeploymentPostprocessing = 0;
		};
/* End PBXResourcesBuildPhase section */

/* Begin PBXShellScriptBuildPhase section */
		8E81E1FE8AC0DD6B917ECC60 /* Check Pods Manifest.lock */ = {
			isa = PBXShellScriptBuildPhase;
			buildActionMask = 2147483647;
			files = (
			);
			inputPaths = (
			);
			name = "Check Pods Manifest.lock";
			outputPaths = (
			);
			runOnlyForDeploymentPostprocessing = 0;
			shellPath = /bin/sh;
			shellScript = "diff \"${PODS_ROOT}/../Podfile.lock\" \"${PODS_ROOT}/Manifest.lock\" > /dev/null\nif [[ $? != 0 ]] ; then\n    cat << EOM\nerror: The sandbox is not in sync with the Podfile.lock. Run 'pod install' or update your CocoaPods installation.\nEOM\n    exit 1\nfi\n";
			showEnvVarsInLog = 0;
		};
		B2C1DF21DDFBBF7A883885E0 /* Embed Pods Frameworks */ = {
			isa = PBXShellScriptBuildPhase;
			buildActionMask = 2147483647;
			files = (
			);
			inputPaths = (
			);
			name = "Embed Pods Frameworks";
			outputPaths = (
			);
			runOnlyForDeploymentPostprocessing = 0;
			shellPath = /bin/sh;
			shellScript = "\"${SRCROOT}/Pods/Target Support Files/Pods/Pods-frameworks.sh\"\n";
			showEnvVarsInLog = 0;
		};
		F37780DE28431EEC642581D3 /* Copy Pods Resources */ = {
			isa = PBXShellScriptBuildPhase;
			buildActionMask = 2147483647;
			files = (
			);
			inputPaths = (
			);
			name = "Copy Pods Resources";
			outputPaths = (
			);
			runOnlyForDeploymentPostprocessing = 0;
			shellPath = /bin/sh;
			shellScript = "\"${SRCROOT}/Pods/Target Support Files/Pods/Pods-resources.sh\"\n";
			showEnvVarsInLog = 0;
		};
/* End PBXShellScriptBuildPhase section */

/* Begin PBXSourcesBuildPhase section */
		D4E1184F1BE528C5000E0FBA /* Sources */ = {
			isa = PBXSourcesBuildPhase;
			buildActionMask = 2147483647;
			files = (
				893D97681BE54F98001A6077 /* ResourcesViewController.m in Sources */,
				D4E118641BE528C5000E0FBA /* Pivot.xcdatamodeld in Sources */,
				D4E1185E1BE528C5000E0FBA /* ViewController.m in Sources */,
				893D976E1BE54FBC001A6077 /* ProfileDetailViewController.m in Sources */,
				5090B5B41BE5BE7100460A48 /* SharedManager.m in Sources */,
				DC6908921BE52A7F009AB0C0 /* User.m in Sources */,
				D48A8E3D1BE55CB800223727 /* PivotTechieProfileViewController.m in Sources */,
				893D976B1BE54FAF001A6077 /* ProfileViewController.m in Sources */,
				504F107C1BE5298800441202 /* Event.m in Sources */,
				D4E1185B1BE528C5000E0FBA /* AppDelegate.m in Sources */,
				893D97551BE548DD001A6077 /* TimelineLeftTableViewCell.m in Sources */,
				D4E118911BE52A3C000E0FBA /* Education.m in Sources */,
				D4E118581BE528C5000E0FBA /* main.m in Sources */,
				D48A8E401BE55D0400223727 /* PivotTechieProfileDetailViewController.m in Sources */,
				893D975D1BE54993001A6077 /* TimelineRightTableViewCell.m in Sources */,
				506437921BE561D200D0D1FB /* Dataset.m in Sources */,
				893D974B1BE5475B001A6077 /* PivotFeedTableViewCell.m in Sources */,
				893D97651BE54F71001A6077 /* PivotFeedTableViewController.m in Sources */,
				DC6908951BE52B30009AB0C0 /* Interest.m in Sources */,
				5090B5B11BE5B95B00460A48 /* PivotSignUpViewController.m in Sources */,
			);
			runOnlyForDeploymentPostprocessing = 0;
		};
		D4E1186B1BE528C5000E0FBA /* Sources */ = {
			isa = PBXSourcesBuildPhase;
			buildActionMask = 2147483647;
			files = (
				D4E118741BE528C5000E0FBA /* PivotTests.m in Sources */,
			);
			runOnlyForDeploymentPostprocessing = 0;
		};
		D4E118761BE528C5000E0FBA /* Sources */ = {
			isa = PBXSourcesBuildPhase;
			buildActionMask = 2147483647;
			files = (
				D4E1187F1BE528C5000E0FBA /* PivotUITests.m in Sources */,
			);
			runOnlyForDeploymentPostprocessing = 0;
		};
/* End PBXSourcesBuildPhase section */

/* Begin PBXTargetDependency section */
		D4E118711BE528C5000E0FBA /* PBXTargetDependency */ = {
			isa = PBXTargetDependency;
			target = D4E118521BE528C5000E0FBA /* Pivot */;
			targetProxy = D4E118701BE528C5000E0FBA /* PBXContainerItemProxy */;
		};
		D4E1187C1BE528C5000E0FBA /* PBXTargetDependency */ = {
			isa = PBXTargetDependency;
			target = D4E118521BE528C5000E0FBA /* Pivot */;
			targetProxy = D4E1187B1BE528C5000E0FBA /* PBXContainerItemProxy */;
		};
/* End PBXTargetDependency section */

/* Begin PBXVariantGroup section */
		D4E1185F1BE528C5000E0FBA /* Main.storyboard */ = {
			isa = PBXVariantGroup;
			children = (
				D4E118601BE528C5000E0FBA /* Base */,
			);
			name = Main.storyboard;
			sourceTree = "<group>";
		};
		D4E118671BE528C5000E0FBA /* LaunchScreen.storyboard */ = {
			isa = PBXVariantGroup;
			children = (
				D4E118681BE528C5000E0FBA /* Base */,
			);
			name = LaunchScreen.storyboard;
			sourceTree = "<group>";
		};
/* End PBXVariantGroup section */

/* Begin XCBuildConfiguration section */
		D4E118811BE528C5000E0FBA /* Debug */ = {
			isa = XCBuildConfiguration;
			buildSettings = {
				ALWAYS_SEARCH_USER_PATHS = NO;
				CLANG_CXX_LANGUAGE_STANDARD = "gnu++0x";
				CLANG_CXX_LIBRARY = "libc++";
				CLANG_ENABLE_MODULES = YES;
				CLANG_ENABLE_OBJC_ARC = YES;
				CLANG_WARN_BOOL_CONVERSION = YES;
				CLANG_WARN_CONSTANT_CONVERSION = YES;
				CLANG_WARN_DIRECT_OBJC_ISA_USAGE = YES_ERROR;
				CLANG_WARN_EMPTY_BODY = YES;
				CLANG_WARN_ENUM_CONVERSION = YES;
				CLANG_WARN_INT_CONVERSION = YES;
				CLANG_WARN_OBJC_ROOT_CLASS = YES_ERROR;
				CLANG_WARN_UNREACHABLE_CODE = YES;
				CLANG_WARN__DUPLICATE_METHOD_MATCH = YES;
				"CODE_SIGN_IDENTITY[sdk=iphoneos*]" = "iPhone Developer";
				COPY_PHASE_STRIP = NO;
				DEBUG_INFORMATION_FORMAT = dwarf;
				ENABLE_STRICT_OBJC_MSGSEND = YES;
				ENABLE_TESTABILITY = YES;
				GCC_C_LANGUAGE_STANDARD = gnu99;
				GCC_DYNAMIC_NO_PIC = NO;
				GCC_NO_COMMON_BLOCKS = YES;
				GCC_OPTIMIZATION_LEVEL = 0;
				GCC_PREPROCESSOR_DEFINITIONS = (
					"DEBUG=1",
					"$(inherited)",
				);
				GCC_WARN_64_TO_32_BIT_CONVERSION = YES;
				GCC_WARN_ABOUT_RETURN_TYPE = YES_ERROR;
				GCC_WARN_UNDECLARED_SELECTOR = YES;
				GCC_WARN_UNINITIALIZED_AUTOS = YES_AGGRESSIVE;
				GCC_WARN_UNUSED_FUNCTION = YES;
				GCC_WARN_UNUSED_VARIABLE = YES;
				IPHONEOS_DEPLOYMENT_TARGET = 9.1;
				MTL_ENABLE_DEBUG_INFO = YES;
				ONLY_ACTIVE_ARCH = YES;
				SDKROOT = iphoneos;
			};
			name = Debug;
		};
		D4E118821BE528C5000E0FBA /* Release */ = {
			isa = XCBuildConfiguration;
			buildSettings = {
				ALWAYS_SEARCH_USER_PATHS = NO;
				CLANG_CXX_LANGUAGE_STANDARD = "gnu++0x";
				CLANG_CXX_LIBRARY = "libc++";
				CLANG_ENABLE_MODULES = YES;
				CLANG_ENABLE_OBJC_ARC = YES;
				CLANG_WARN_BOOL_CONVERSION = YES;
				CLANG_WARN_CONSTANT_CONVERSION = YES;
				CLANG_WARN_DIRECT_OBJC_ISA_USAGE = YES_ERROR;
				CLANG_WARN_EMPTY_BODY = YES;
				CLANG_WARN_ENUM_CONVERSION = YES;
				CLANG_WARN_INT_CONVERSION = YES;
				CLANG_WARN_OBJC_ROOT_CLASS = YES_ERROR;
				CLANG_WARN_UNREACHABLE_CODE = YES;
				CLANG_WARN__DUPLICATE_METHOD_MATCH = YES;
				"CODE_SIGN_IDENTITY[sdk=iphoneos*]" = "iPhone Developer";
				COPY_PHASE_STRIP = NO;
				DEBUG_INFORMATION_FORMAT = "dwarf-with-dsym";
				ENABLE_NS_ASSERTIONS = NO;
				ENABLE_STRICT_OBJC_MSGSEND = YES;
				GCC_C_LANGUAGE_STANDARD = gnu99;
				GCC_NO_COMMON_BLOCKS = YES;
				GCC_WARN_64_TO_32_BIT_CONVERSION = YES;
				GCC_WARN_ABOUT_RETURN_TYPE = YES_ERROR;
				GCC_WARN_UNDECLARED_SELECTOR = YES;
				GCC_WARN_UNINITIALIZED_AUTOS = YES_AGGRESSIVE;
				GCC_WARN_UNUSED_FUNCTION = YES;
				GCC_WARN_UNUSED_VARIABLE = YES;
				IPHONEOS_DEPLOYMENT_TARGET = 9.1;
				MTL_ENABLE_DEBUG_INFO = NO;
				SDKROOT = iphoneos;
				VALIDATE_PRODUCT = YES;
			};
			name = Release;
		};
		D4E118841BE528C5000E0FBA /* Debug */ = {
			isa = XCBuildConfiguration;
			baseConfigurationReference = A8FB109EDADD34CCAD3D24B3 /* Pods.debug.xcconfig */;
			buildSettings = {
				ASSETCATALOG_COMPILER_APPICON_NAME = AppIcon;
				CODE_SIGN_IDENTITY = "iPhone Developer";
				"CODE_SIGN_IDENTITY[sdk=iphoneos*]" = "iPhone Developer";
				INFOPLIST_FILE = Pivot/Info.plist;
				IPHONEOS_DEPLOYMENT_TARGET = 9.0;
				LD_RUNPATH_SEARCH_PATHS = "$(inherited) @executable_path/Frameworks";
				PRODUCT_BUNDLE_IDENTIFIER = com.jovanny.Pivot;
				PRODUCT_NAME = "$(TARGET_NAME)";
				PROVISIONING_PROFILE = "";
			};
			name = Debug;
		};
		D4E118851BE528C5000E0FBA /* Release */ = {
			isa = XCBuildConfiguration;
			baseConfigurationReference = 24CBEBF2B3C71F70E0C3F488 /* Pods.release.xcconfig */;
			buildSettings = {
				ASSETCATALOG_COMPILER_APPICON_NAME = AppIcon;
				CODE_SIGN_IDENTITY = "iPhone Developer";
				"CODE_SIGN_IDENTITY[sdk=iphoneos*]" = "iPhone Developer";
				INFOPLIST_FILE = Pivot/Info.plist;
				IPHONEOS_DEPLOYMENT_TARGET = 9.0;
				LD_RUNPATH_SEARCH_PATHS = "$(inherited) @executable_path/Frameworks";
				PRODUCT_BUNDLE_IDENTIFIER = com.jovanny.Pivot;
				PRODUCT_NAME = "$(TARGET_NAME)";
				PROVISIONING_PROFILE = "";
			};
			name = Release;
		};
		D4E118871BE528C5000E0FBA /* Debug */ = {
			isa = XCBuildConfiguration;
			buildSettings = {
				BUNDLE_LOADER = "$(TEST_HOST)";
				INFOPLIST_FILE = PivotTests/Info.plist;
				LD_RUNPATH_SEARCH_PATHS = "$(inherited) @executable_path/Frameworks @loader_path/Frameworks";
				PRODUCT_BUNDLE_IDENTIFIER = com.jasonwang.PivotTests;
				PRODUCT_NAME = "$(TARGET_NAME)";
				TEST_HOST = "$(BUILT_PRODUCTS_DIR)/Pivot.app/Pivot";
			};
			name = Debug;
		};
		D4E118881BE528C5000E0FBA /* Release */ = {
			isa = XCBuildConfiguration;
			buildSettings = {
				BUNDLE_LOADER = "$(TEST_HOST)";
				INFOPLIST_FILE = PivotTests/Info.plist;
				LD_RUNPATH_SEARCH_PATHS = "$(inherited) @executable_path/Frameworks @loader_path/Frameworks";
				PRODUCT_BUNDLE_IDENTIFIER = com.jasonwang.PivotTests;
				PRODUCT_NAME = "$(TARGET_NAME)";
				TEST_HOST = "$(BUILT_PRODUCTS_DIR)/Pivot.app/Pivot";
			};
			name = Release;
		};
		D4E1188A1BE528C5000E0FBA /* Debug */ = {
			isa = XCBuildConfiguration;
			buildSettings = {
				INFOPLIST_FILE = PivotUITests/Info.plist;
				LD_RUNPATH_SEARCH_PATHS = "$(inherited) @executable_path/Frameworks @loader_path/Frameworks";
				PRODUCT_BUNDLE_IDENTIFIER = com.jasonwang.PivotUITests;
				PRODUCT_NAME = "$(TARGET_NAME)";
				TEST_TARGET_NAME = Pivot;
				USES_XCTRUNNER = YES;
			};
			name = Debug;
		};
		D4E1188B1BE528C5000E0FBA /* Release */ = {
			isa = XCBuildConfiguration;
			buildSettings = {
				INFOPLIST_FILE = PivotUITests/Info.plist;
				LD_RUNPATH_SEARCH_PATHS = "$(inherited) @executable_path/Frameworks @loader_path/Frameworks";
				PRODUCT_BUNDLE_IDENTIFIER = com.jasonwang.PivotUITests;
				PRODUCT_NAME = "$(TARGET_NAME)";
				TEST_TARGET_NAME = Pivot;
				USES_XCTRUNNER = YES;
			};
			name = Release;
		};
/* End XCBuildConfiguration section */

/* Begin XCConfigurationList section */
		D4E1184E1BE528C5000E0FBA /* Build configuration list for PBXProject "Pivot" */ = {
			isa = XCConfigurationList;
			buildConfigurations = (
				D4E118811BE528C5000E0FBA /* Debug */,
				D4E118821BE528C5000E0FBA /* Release */,
			);
			defaultConfigurationIsVisible = 0;
			defaultConfigurationName = Release;
		};
		D4E118831BE528C5000E0FBA /* Build configuration list for PBXNativeTarget "Pivot" */ = {
			isa = XCConfigurationList;
			buildConfigurations = (
				D4E118841BE528C5000E0FBA /* Debug */,
				D4E118851BE528C5000E0FBA /* Release */,
			);
			defaultConfigurationIsVisible = 0;
			defaultConfigurationName = Release;
		};
		D4E118861BE528C5000E0FBA /* Build configuration list for PBXNativeTarget "PivotTests" */ = {
			isa = XCConfigurationList;
			buildConfigurations = (
				D4E118871BE528C5000E0FBA /* Debug */,
				D4E118881BE528C5000E0FBA /* Release */,
			);
			defaultConfigurationIsVisible = 0;
			defaultConfigurationName = Release;
		};
		D4E118891BE528C5000E0FBA /* Build configuration list for PBXNativeTarget "PivotUITests" */ = {
			isa = XCConfigurationList;
			buildConfigurations = (
				D4E1188A1BE528C5000E0FBA /* Debug */,
				D4E1188B1BE528C5000E0FBA /* Release */,
			);
			defaultConfigurationIsVisible = 0;
			defaultConfigurationName = Release;
		};
/* End XCConfigurationList section */

/* Begin XCVersionGroup section */
		D4E118621BE528C5000E0FBA /* Pivot.xcdatamodeld */ = {
			isa = XCVersionGroup;
			children = (
				D4E118631BE528C5000E0FBA /* Pivot.xcdatamodel */,
			);
			currentVersion = D4E118631BE528C5000E0FBA /* Pivot.xcdatamodel */;
			path = Pivot.xcdatamodeld;
			sourceTree = "<group>";
			versionGroupType = wrapper.xcdatamodel;
		};
/* End XCVersionGroup section */
	};
	rootObject = D4E1184B1BE528C5000E0FBA /* Project object */;
}
